
Microsoft Visual Studio Solution File, Format Version 12.00
# Visual Studio Version 17
VisualStudioVersion = 17.8.34316.72
MinimumVisualStudioVersion = 10.0.40219.1
Project("{9A19103F-16F7-4668-BE54-9A1E7A4F7556}") = "TesseractOcrMauiTestAppIOs", "TesseractOcrMauiTestApp\TesseractOcrMauiTestAppIOs.csproj", "{05D60127-AD33-4772-A488-85815071F79B}"
EndProject
Project("{9A19103F-16F7-4668-BE54-9A1E7A4F7556}") = "TesseractOcrMauiIOS", "TesseractOcrMAUI\TesseractOcrMauiIOS.csproj", "{694E6CC9-1227-4F17-89A4-1DC760C44789}"
EndProject
Global
	GlobalSection(SolutionConfigurationPlatforms) = preSolution
		Debug|Any CPU = Debug|Any CPU
		Release|Any CPU = Release|Any CPU
	EndGlobalSection
	GlobalSection(ProjectConfigurationPlatforms) = postSolution
		{05D60127-AD33-4772-A488-85815071F79B}.Debug|Any CPU.ActiveCfg = Debug|Any CPU
		{05D60127-AD33-4772-A488-85815071F79B}.Debug|Any CPU.Build.0 = Debug|Any CPU
		{05D60127-AD33-4772-A488-85815071F79B}.Debug|Any CPU.Deploy.0 = Debug|Any CPU
		{05D60127-AD33-4772-A488-85815071F79B}.Release|Any CPU.ActiveCfg = Release|Any CPU
		{05D60127-AD33-4772-A488-85815071F79B}.Release|Any CPU.Build.0 = Release|Any CPU
		{05D60127-AD33-4772-A488-85815071F79B}.Release|Any CPU.Deploy.0 = Release|Any CPU
		{694E6CC9-1227-4F17-89A4-1DC760C44789}.Debug|Any CPU.ActiveCfg = Debug|Any CPU
		{694E6CC9-1227-4F17-89A4-1DC760C44789}.Debug|Any CPU.Build.0 = Debug|Any CPU
		{694E6CC9-1227-4F17-89A4-1DC760C44789}.Release|Any CPU.ActiveCfg = Release|Any CPU
		{694E6CC9-1227-4F17-89A4-1DC760C44789}.Release|Any CPU.Build.0 = Release|Any CPU
	EndGlobalSection
	GlobalSection(SolutionProperties) = preSolution
		HideSolutionNode = FALSE
	EndGlobalSection
	GlobalSection(ExtensibilityGlobals) = postSolution
		SolutionGuid = {5941E265-0F8A-4A90-BE14-0EDEFB65531A}
	EndGlobalSection
EndGlobal
